// !$*UTF8*$!
{
	archiveVersion = 1;
	classes = {
	};
	objectVersion = 56;
	objects = {

/* Begin PBXBuildFile section */
		993701F92B8A72DA006A2B67 /* DescopeKit in Frameworks */ = {isa = PBXBuildFile; productRef = 993701F82B8A72DA006A2B67 /* DescopeKit */; };
		99C3F89E2B86B1B700076F38 /* AppDelegate.swift in Sources */ = {isa = PBXBuildFile; fileRef = 99C3F89D2B86B1B700076F38 /* AppDelegate.swift */; };
		99C3F8A02B86B1B700076F38 /* SceneDelegate.swift in Sources */ = {isa = PBXBuildFile; fileRef = 99C3F89F2B86B1B700076F38 /* SceneDelegate.swift */; };
		99C3F8A22B86B1B700076F38 /* ViewController.swift in Sources */ = {isa = PBXBuildFile; fileRef = 99C3F8A12B86B1B700076F38 /* ViewController.swift */; };
		99C3F8A52B86B1B700076F38 /* Main.storyboard in Resources */ = {isa = PBXBuildFile; fileRef = 99C3F8A32B86B1B700076F38 /* Main.storyboard */; };
		99C3F8A72B86B1B900076F38 /* Assets.xcassets in Resources */ = {isa = PBXBuildFile; fileRef = 99C3F8A62B86B1B900076F38 /* Assets.xcassets */; };
		99C3F8AA2B86B1B900076F38 /* LaunchScreen.storyboard in Resources */ = {isa = PBXBuildFile; fileRef = 99C3F8A82B86B1B900076F38 /* LaunchScreen.storyboard */; };
		99CDB7932B96B60900FC7285 /* Constants.swift in Sources */ = {isa = PBXBuildFile; fileRef = 99CDB7922B96B60900FC7285 /* Constants.swift */; };
/* End PBXBuildFile section */

/* Begin PBXFileReference section */
		99C3F89A2B86B1B700076F38 /* DescopeAuthenticationApp.app */ = {isa = PBXFileReference; explicitFileType = wrapper.application; includeInIndex = 0; path = DescopeAuthenticationApp.app; sourceTree = BUILT_PRODUCTS_DIR; };
		99C3F89D2B86B1B700076F38 /* AppDelegate.swift */ = {isa = PBXFileReference; lastKnownFileType = sourcecode.swift; path = AppDelegate.swift; sourceTree = "<group>"; };
		99C3F89F2B86B1B700076F38 /* SceneDelegate.swift */ = {isa = PBXFileReference; lastKnownFileType = sourcecode.swift; path = SceneDelegate.swift; sourceTree = "<group>"; };
		99C3F8A12B86B1B700076F38 /* ViewController.swift */ = {isa = PBXFileReference; lastKnownFileType = sourcecode.swift; path = ViewController.swift; sourceTree = "<group>"; };
		99C3F8A42B86B1B700076F38 /* Base */ = {isa = PBXFileReference; lastKnownFileType = file.storyboard; name = Base; path = Base.lproj/Main.storyboard; sourceTree = "<group>"; };
		99C3F8A62B86B1B900076F38 /* Assets.xcassets */ = {isa = PBXFileReference; lastKnownFileType = folder.assetcatalog; path = Assets.xcassets; sourceTree = "<group>"; };
		99C3F8A92B86B1B900076F38 /* Base */ = {isa = PBXFileReference; lastKnownFileType = file.storyboard; name = Base; path = Base.lproj/LaunchScreen.storyboard; sourceTree = "<group>"; };
		99C3F8AB2B86B1B900076F38 /* Info.plist */ = {isa = PBXFileReference; lastKnownFileType = text.plist.xml; path = Info.plist; sourceTree = "<group>"; };
		99CDB7922B96B60900FC7285 /* Constants.swift */ = {isa = PBXFileReference; lastKnownFileType = sourcecode.swift; path = Constants.swift; sourceTree = "<group>"; };
/* End PBXFileReference section */

/* Begin PBXFrameworksBuildPhase section */
		99C3F8972B86B1B700076F38 /* Frameworks */ = {
			isa = PBXFrameworksBuildPhase;
			buildActionMask = 2147483647;
			files = (
				993701F92B8A72DA006A2B67 /* DescopeKit in Frameworks */,
			);
			runOnlyForDeploymentPostprocessing = 0;
		};
/* End PBXFrameworksBuildPhase section */

/* Begin PBXGroup section */
		993701FA2B8A75F7006A2B67 /* Frameworks */ = {
			isa = PBXGroup;
			children = (
			);
			name = Frameworks;
			sourceTree = "<group>";
		};
		99C3F8912B86B1B700076F38 = {
			isa = PBXGroup;
			children = (
				99C3F89C2B86B1B700076F38 /* DescopeAuthenticationApp */,
				99C3F89B2B86B1B700076F38 /* Products */,
				993701FA2B8A75F7006A2B67 /* Frameworks */,
			);
			sourceTree = "<group>";
		};
		99C3F89B2B86B1B700076F38 /* Products */ = {
			isa = PBXGroup;
			children = (
				99C3F89A2B86B1B700076F38 /* DescopeAuthenticationApp.app */,
			);
			name = Products;
			sourceTree = "<group>";
		};
		99C3F89C2B86B1B700076F38 /* DescopeAuthenticationApp */ = {
			isa = PBXGroup;
			children = (
				99CDB7922B96B60900FC7285 /* Constants.swift */,
				99C3F89D2B86B1B700076F38 /* AppDelegate.swift */,
				99C3F89F2B86B1B700076F38 /* SceneDelegate.swift */,
				99C3F8A12B86B1B700076F38 /* ViewController.swift */,
				99C3F8A32B86B1B700076F38 /* Main.storyboard */,
				99C3F8A62B86B1B900076F38 /* Assets.xcassets */,
				99C3F8A82B86B1B900076F38 /* LaunchScreen.storyboard */,
				99C3F8AB2B86B1B900076F38 /* Info.plist */,
			);
			path = DescopeAuthenticationApp;
			sourceTree = "<group>";
		};
/* End PBXGroup section */

/* Begin PBXNativeTarget section */
		99C3F8992B86B1B700076F38 /* DescopeAuthenticationApp */ = {
			isa = PBXNativeTarget;
			buildConfigurationList = 99C3F8AE2B86B1B900076F38 /* Build configuration list for PBXNativeTarget "DescopeAuthenticationApp" */;
			buildPhases = (
				99C3F8962B86B1B700076F38 /* Sources */,
				99C3F8972B86B1B700076F38 /* Frameworks */,
				99C3F8982B86B1B700076F38 /* Resources */,
			);
			buildRules = (
			);
			dependencies = (
			);
			name = DescopeAuthenticationApp;
			packageProductDependencies = (
				993701F82B8A72DA006A2B67 /* DescopeKit */,
			);
			productName = DescopeAuthenticationApp;
			productReference = 99C3F89A2B86B1B700076F38 /* DescopeAuthenticationApp.app */;
			productType = "com.apple.product-type.application";
		};
/* End PBXNativeTarget section */

/* Begin PBXProject section */
		99C3F8922B86B1B700076F38 /* Project object */ = {
			isa = PBXProject;
			attributes = {
				BuildIndependentTargetsInParallel = 1;
				LastSwiftUpdateCheck = 1520;
				LastUpgradeCheck = 1520;
				TargetAttributes = {
					99C3F8992B86B1B700076F38 = {
						CreatedOnToolsVersion = 15.2;
					};
				};
			};
			buildConfigurationList = 99C3F8952B86B1B700076F38 /* Build configuration list for PBXProject "DescopeAuthenticationApp" */;
			compatibilityVersion = "Xcode 14.0";
			developmentRegion = en;
			hasScannedForEncodings = 0;
			knownRegions = (
				en,
				Base,
			);
			mainGroup = 99C3F8912B86B1B700076F38;
			packageReferences = (
				993701F72B8A72DA006A2B67 /* XCRemoteSwiftPackageReference "swift-sdk" */,
			);
			productRefGroup = 99C3F89B2B86B1B700076F38 /* Products */;
			projectDirPath = "";
			projectRoot = "";
			targets = (
				99C3F8992B86B1B700076F38 /* DescopeAuthenticationApp */,
			);
		};
/* End PBXProject section */

/* Begin PBXResourcesBuildPhase section */
		99C3F8982B86B1B700076F38 /* Resources */ = {
			isa = PBXResourcesBuildPhase;
			buildActionMask = 2147483647;
			files = (
				99C3F8AA2B86B1B900076F38 /* LaunchScreen.storyboard in Resources */,
				99C3F8A72B86B1B900076F38 /* Assets.xcassets in Resources */,
				99C3F8A52B86B1B700076F38 /* Main.storyboard in Resources */,
			);
			runOnlyForDeploymentPostprocessing = 0;
		};
/* End PBXResourcesBuildPhase section */

/* Begin PBXSourcesBuildPhase section */
		99C3F8962B86B1B700076F38 /* Sources */ = {
			isa = PBXSourcesBuildPhase;
			buildActionMask = 2147483647;
			files = (
				99C3F8A22B86B1B700076F38 /* ViewController.swift in Sources */,
				99C3F89E2B86B1B700076F38 /* AppDelegate.swift in Sources */,
				99C3F8A02B86B1B700076F38 /* SceneDelegate.swift in Sources */,
				99CDB7932B96B60900FC7285 /* Constants.swift in Sources */,
			);
			runOnlyForDeploymentPostprocessing = 0;
		};
/* End PBXSourcesBuildPhase section */

/* Begin PBXVariantGroup section */
		99C3F8A32B86B1B700076F38 /* Main.storyboard */ = {
			isa = PBXVariantGroup;
			children = (
				99C3F8A42B86B1B700076F38 /* Base */,
			);
			name = Main.storyboard;
			sourceTree = "<group>";
		};
		99C3F8A82B86B1B900076F38 /* LaunchScreen.storyboard */ = {
			isa = PBXVariantGroup;
			children = (
				99C3F8A92B86B1B900076F38 /* Base */,
			);
			name = LaunchScreen.storyboard;
			sourceTree = "<group>";
		};
/* End PBXVariantGroup section */

/* Begin XCBuildConfiguration section */
		99C3F8AC2B86B1B900076F38 /* Debug */ = {
			isa = XCBuildConfiguration;
			buildSettings = {
				ALWAYS_SEARCH_USER_PATHS = NO;
				ASSETCATALOG_COMPILER_GENERATE_SWIFT_ASSET_SYMBOL_EXTENSIONS = YES;
				CLANG_ANALYZER_NONNULL = YES;
				CLANG_ANALYZER_NUMBER_OBJECT_CONVERSION = YES_AGGRESSIVE;
				CLANG_CXX_LANGUAGE_STANDARD = "gnu++20";
				CLANG_ENABLE_MODULES = YES;
				CLANG_ENABLE_OBJC_ARC = YES;
				CLANG_ENABLE_OBJC_WEAK = YES;
				CLANG_WARN_BLOCK_CAPTURE_AUTORELEASING = YES;
				CLANG_WARN_BOOL_CONVERSION = YES;
				CLANG_WARN_COMMA = YES;
				CLANG_WARN_CONSTANT_CONVERSION = YES;
				CLANG_WARN_DEPRECATED_OBJC_IMPLEMENTATIONS = YES;
				CLANG_WARN_DIRECT_OBJC_ISA_USAGE = YES_ERROR;
				CLANG_WARN_DOCUMENTATION_COMMENTS = YES;
				CLANG_WARN_EMPTY_BODY = YES;
				CLANG_WARN_ENUM_CONVERSION = YES;
				CLANG_WARN_INFINITE_RECURSION = YES;
				CLANG_WARN_INT_CONVERSION = YES;
				CLANG_WARN_NON_LITERAL_NULL_CONVERSION = YES;
				CLANG_WARN_OBJC_IMPLICIT_RETAIN_SELF = YES;
				CLANG_WARN_OBJC_LITERAL_CONVERSION = YES;
				CLANG_WARN_OBJC_ROOT_CLASS = YES_ERROR;
				CLANG_WARN_QUOTED_INCLUDE_IN_FRAMEWORK_HEADER = YES;
				CLANG_WARN_RANGE_LOOP_ANALYSIS = YES;
				CLANG_WARN_STRICT_PROTOTYPES = YES;
				CLANG_WARN_SUSPICIOUS_MOVE = YES;
				CLANG_WARN_UNGUARDED_AVAILABILITY = YES_AGGRESSIVE;
				CLANG_WARN_UNREACHABLE_CODE = YES;
				CLANG_WARN__DUPLICATE_METHOD_MATCH = YES;
				COPY_PHASE_STRIP = NO;
				DEBUG_INFORMATION_FORMAT = dwarf;
				ENABLE_STRICT_OBJC_MSGSEND = YES;
				ENABLE_TESTABILITY = YES;
				ENABLE_USER_SCRIPT_SANDBOXING = YES;
				GCC_C_LANGUAGE_STANDARD = gnu17;
				GCC_DYNAMIC_NO_PIC = NO;
				GCC_NO_COMMON_BLOCKS = YES;
				GCC_OPTIMIZATION_LEVEL = 0;
				GCC_PREPROCESSOR_DEFINITIONS = (
					"DEBUG=1",
					"$(inherited)",
				);
				GCC_WARN_64_TO_32_BIT_CONVERSION = YES;
				GCC_WARN_ABOUT_RETURN_TYPE = YES_ERROR;
				GCC_WARN_UNDECLARED_SELECTOR = YES;
				GCC_WARN_UNINITIALIZED_AUTOS = YES_AGGRESSIVE;
				GCC_WARN_UNUSED_FUNCTION = YES;
				GCC_WARN_UNUSED_VARIABLE = YES;
				IPHONEOS_DEPLOYMENT_TARGET = 17.2;
				LOCALIZATION_PREFERS_STRING_CATALOGS = YES;
				MTL_ENABLE_DEBUG_INFO = INCLUDE_SOURCE;
				MTL_FAST_MATH = YES;
				ONLY_ACTIVE_ARCH = YES;
				SDKROOT = iphoneos;
				SWIFT_ACTIVE_COMPILATION_CONDITIONS = "DEBUG $(inherited)";
				SWIFT_OPTIMIZATION_LEVEL = "-Onone";
			};
			name = Debug;
		};
		99C3F8AD2B86B1B900076F38 /* Release */ = {
			isa = XCBuildConfiguration;
			buildSettings = {
				ALWAYS_SEARCH_USER_PATHS = NO;
				ASSETCATALOG_COMPILER_GENERATE_SWIFT_ASSET_SYMBOL_EXTENSIONS = YES;
				CLANG_ANALYZER_NONNULL = YES;
				CLANG_ANALYZER_NUMBER_OBJECT_CONVERSION = YES_AGGRESSIVE;
				CLANG_CXX_LANGUAGE_STANDARD = "gnu++20";
				CLANG_ENABLE_MODULES = YES;
				CLANG_ENABLE_OBJC_ARC = YES;
				CLANG_ENABLE_OBJC_WEAK = YES;
				CLANG_WARN_BLOCK_CAPTURE_AUTORELEASING = YES;
				CLANG_WARN_BOOL_CONVERSION = YES;
				CLANG_WARN_COMMA = YES;
				CLANG_WARN_CONSTANT_CONVERSION = YES;
				CLANG_WARN_DEPRECATED_OBJC_IMPLEMENTATIONS = YES;
				CLANG_WARN_DIRECT_OBJC_ISA_USAGE = YES_ERROR;
				CLANG_WARN_DOCUMENTATION_COMMENTS = YES;
				CLANG_WARN_EMPTY_BODY = YES;
				CLANG_WARN_ENUM_CONVERSION = YES;
				CLANG_WARN_INFINITE_RECURSION = YES;
				CLANG_WARN_INT_CONVERSION = YES;
				CLANG_WARN_NON_LITERAL_NULL_CONVERSION = YES;
				CLANG_WARN_OBJC_IMPLICIT_RETAIN_SELF = YES;
				CLANG_WARN_OBJC_LITERAL_CONVERSION = YES;
				CLANG_WARN_OBJC_ROOT_CLASS = YES_ERROR;
				CLANG_WARN_QUOTED_INCLUDE_IN_FRAMEWORK_HEADER = YES;
				CLANG_WARN_RANGE_LOOP_ANALYSIS = YES;
				CLANG_WARN_STRICT_PROTOTYPES = YES;
				CLANG_WARN_SUSPICIOUS_MOVE = YES;
				CLANG_WARN_UNGUARDED_AVAILABILITY = YES_AGGRESSIVE;
				CLANG_WARN_UNREACHABLE_CODE = YES;
				CLANG_WARN__DUPLICATE_METHOD_MATCH = YES;
				COPY_PHASE_STRIP = NO;
				DEBUG_INFORMATION_FORMAT = "dwarf-with-dsym";
				ENABLE_NS_ASSERTIONS = NO;
				ENABLE_STRICT_OBJC_MSGSEND = YES;
				ENABLE_USER_SCRIPT_SANDBOXING = YES;
				GCC_C_LANGUAGE_STANDARD = gnu17;
				GCC_NO_COMMON_BLOCKS = YES;
				GCC_WARN_64_TO_32_BIT_CONVERSION = YES;
				GCC_WARN_ABOUT_RETURN_TYPE = YES_ERROR;
				GCC_WARN_UNDECLARED_SELECTOR = YES;
				GCC_WARN_UNINITIALIZED_AUTOS = YES_AGGRESSIVE;
				GCC_WARN_UNUSED_FUNCTION = YES;
				GCC_WARN_UNUSED_VARIABLE = YES;
				IPHONEOS_DEPLOYMENT_TARGET = 17.2;
				LOCALIZATION_PREFERS_STRING_CATALOGS = YES;
				MTL_ENABLE_DEBUG_INFO = NO;
				MTL_FAST_MATH = YES;
				SDKROOT = iphoneos;
				SWIFT_COMPILATION_MODE = wholemodule;
				VALIDATE_PRODUCT = YES;
			};
			name = Release;
		};
		99C3F8AF2B86B1B900076F38 /* Debug */ = {
			isa = XCBuildConfiguration;
			buildSettings = {
				ASSETCATALOG_COMPILER_APPICON_NAME = AppIcon;
				ASSETCATALOG_COMPILER_GLOBAL_ACCENT_COLOR_NAME = AccentColor;
				CODE_SIGN_STYLE = Automatic;
				CURRENT_PROJECT_VERSION = 1;
				GENERATE_INFOPLIST_FILE = YES;
				INFOPLIST_FILE = DescopeAuthenticationApp/Info.plist;
				INFOPLIST_KEY_UIApplicationSupportsIndirectInputEvents = YES;
				INFOPLIST_KEY_UILaunchStoryboardName = LaunchScreen;
				INFOPLIST_KEY_UIMainStoryboardFile = Main;
				INFOPLIST_KEY_UISupportedInterfaceOrientations_iPad = "UIInterfaceOrientationPortrait UIInterfaceOrientationPortraitUpsideDown UIInterfaceOrientationLandscapeLeft UIInterfaceOrientationLandscapeRight";
				INFOPLIST_KEY_UISupportedInterfaceOrientations_iPhone = "UIInterfaceOrientationPortrait UIInterfaceOrientationLandscapeLeft UIInterfaceOrientationLandscapeRight";
				LD_RUNPATH_SEARCH_PATHS = (
					"$(inherited)",
					"@executable_path/Frameworks",
				);
				MARKETING_VERSION = 1.0;
				PRODUCT_BUNDLE_IDENTIFIER = com.DescopeAuthenticationApp;
				PRODUCT_NAME = "$(TARGET_NAME)";
				SWIFT_EMIT_LOC_STRINGS = YES;
				SWIFT_VERSION = 5.0;
				TARGETED_DEVICE_FAMILY = "1,2";
			};
			name = Debug;
		};
		99C3F8B02B86B1B900076F38 /* Release */ = {
			isa = XCBuildConfiguration;
			buildSettings = {
				ASSETCATALOG_COMPILER_APPICON_NAME = AppIcon;
				ASSETCATALOG_COMPILER_GLOBAL_ACCENT_COLOR_NAME = AccentColor;
				CODE_SIGN_STYLE = Automatic;
				CURRENT_PROJECT_VERSION = 1;
				GENERATE_INFOPLIST_FILE = YES;
				INFOPLIST_FILE = DescopeAuthenticationApp/Info.plist;
				INFOPLIST_KEY_UIApplicationSupportsIndirectInputEvents = YES;
				INFOPLIST_KEY_UILaunchStoryboardName = LaunchScreen;
				INFOPLIST_KEY_UIMainStoryboardFile = Main;
				INFOPLIST_KEY_UISupportedInterfaceOrientations_iPad = "UIInterfaceOrientationPortrait UIInterfaceOrientationPortraitUpsideDown UIInterfaceOrientationLandscapeLeft UIInterfaceOrientationLandscapeRight";
				INFOPLIST_KEY_UISupportedInterfaceOrientations_iPhone = "UIInterfaceOrientationPortrait UIInterfaceOrientationLandscapeLeft UIInterfaceOrientationLandscapeRight";
				LD_RUNPATH_SEARCH_PATHS = (
					"$(inherited)",
					"@executable_path/Frameworks",
				);
				MARKETING_VERSION = 1.0;
				PRODUCT_BUNDLE_IDENTIFIER = com.DescopeAuthenticationApp;
				PRODUCT_NAME = "$(TARGET_NAME)";
				SWIFT_EMIT_LOC_STRINGS = YES;
				SWIFT_VERSION = 5.0;
				TARGETED_DEVICE_FAMILY = "1,2";
			};
			name = Release;
		};
/* End XCBuildConfiguration section */

/* Begin XCConfigurationList section */
		99C3F8952B86B1B700076F38 /* Build configuration list for PBXProject "DescopeAuthenticationApp" */ = {
			isa = XCConfigurationList;
			buildConfigurations = (
				99C3F8AC2B86B1B900076F38 /* Debug */,
				99C3F8AD2B86B1B900076F38 /* Release */,
			);
			defaultConfigurationIsVisible = 0;
			defaultConfigurationName = Release;
		};
		99C3F8AE2B86B1B900076F38 /* Build configuration list for PBXNativeTarget "DescopeAuthenticationApp" */ = {
			isa = XCConfigurationList;
			buildConfigurations = (
				99C3F8AF2B86B1B900076F38 /* Debug */,
				99C3F8B02B86B1B900076F38 /* Release */,
			);
			defaultConfigurationIsVisible = 0;
			defaultConfigurationName = Release;
		};
/* End XCConfigurationList section */

/* Begin XCRemoteSwiftPackageReference section */
		993701F72B8A72DA006A2B67 /* XCRemoteSwiftPackageReference "swift-sdk" */ = {
			isa = XCRemoteSwiftPackageReference;
			repositoryURL = "https://github.com/descope/swift-sdk?tab=readme-ov-file";
			requirement = {
				kind = upToNextMajorVersion;
				minimumVersion = 0.9.3;
			};
		};
/* End XCRemoteSwiftPackageReference section */

/* Begin XCSwiftPackageProductDependency section */
		993701F82B8A72DA006A2B67 /* DescopeKit */ = {
			isa = XCSwiftPackageProductDependency;
			package = 993701F72B8A72DA006A2B67 /* XCRemoteSwiftPackageReference "swift-sdk" */;
			productName = DescopeKit;
		};
/* End XCSwiftPackageProductDependency section */
	};
	rootObject = 99C3F8922B86B1B700076F38 /* Project object */;
}
