{
  "pins" : [
    {
      "identity" : "swift-sdk?tab=readme-ov-file",
      "kind" : "remoteSourceControl",
      "location" : "https://github.com/descope/swift-sdk?tab=readme-ov-file",
      "state" : {
        "revision" : "ca98256340bfa23a2ed5d2099908f630648e6c05",
        "version" : "0.9.3"
      }
    }
  ],
  "version" : 2
}
